<?xml version="1.0" encoding="utf-8"?>
<Project ToolsVersion="4.0" xmlns="http://schemas.microsoft.com/developer/msbuild/2003">
  <ItemGroup>
    <Filter Include="Source Files">
      <UniqueIdentifier>{4FC737F1-C7A5-4376-A066-2A32D752A2FF}</UniqueIdentifier>
      <Extensions>cpp;c;cc;cxx;def;odl;idl;hpj;bat;asm;asmx</Extensions>
    </Filter>
    <Filter Include="Header Files">
      <UniqueIdentifier>{93995380-89BD-4b04-88EB-625FBE52EBFB}</UniqueIdentifier>
      <Extensions>h;hpp;hxx;hm;inl;inc;xsd</Extensions>
    </Filter>
    <Filter Include="Resource Files">
      <UniqueIdentifier>{67DA6AB6-F800-4c08-8B7A-83BB121AAD01}</UniqueIdentifier>
      <Extensions>rc;ico;cur;bmp;dlg;rc2;rct;bin;rgs;gif;jpg;jpeg;jpe;resx;tiff;tif;png;wav;mfcribbon-ms</Extensions>
    </Filter>
    <Filter Include="Driver Files">
      <UniqueIdentifier>{8E41214B-6785-4CFE-B992-037D68949A14}</UniqueIdentifier>
      <Extensions>inf;inv;inx;mof;mc;</Extensions>
    </Filter>
    <Filter Include="CommIO">
      <UniqueIdentifier>{4ea7b6ad-7a69-4952-9600-05ade61aeb49}</UniqueIdentifier>
    </Filter>
    <Filter Include="CallBackInject">
      <UniqueIdentifier>{b3639613-f4dc-4250-9012-c5596a5e3851}</UniqueIdentifier>
    </Filter>
    <Filter Include="Logger">
      <UniqueIdentifier>{4917acf1-82c5-45fb-9d0c-8bfc965a7d61}</UniqueIdentifier>
    </Filter>
    <Filter Include="ShellCode">
      <UniqueIdentifier>{6ac09d97-f8cb-417f-8d86-8adb6d257e47}</UniqueIdentifier>
    </Filter>
    <Filter Include="HideMem">
      <UniqueIdentifier>{c7f834b5-10c4-4555-b471-2093c95e0ef9}</UniqueIdentifier>
    </Filter>
    <Filter Include="hde">
      <UniqueIdentifier>{405eb6be-d87e-43f7-84c5-f545e7604390}</UniqueIdentifier>
    </Filter>
  </ItemGroup>
  <ItemGroup>
    <ClCompile Include="DrvMain.cpp">
      <Filter>Source Files</Filter>
    </ClCompile>
    <ClCompile Include="CommIO.cpp">
      <Filter>CommIO</Filter>
    </ClCompile>
    <ClCompile Include="InstrCallBack.cpp">
      <Filter>CallBackInject</Filter>
    </ClCompile>
    <ClCompile Include="Logger.cpp">
      <Filter>Logger</Filter>
    </ClCompile>
    <ClCompile Include="ShellCode.cpp">
      <Filter>ShellCode</Filter>
    </ClCompile>
    <ClCompile Include="HideMemory.cpp">
      <Filter>HideMem</Filter>
    </ClCompile>
    <ClCompile Include="..\..\..\..\驱动\源码\DrvInject\DrvInject\DrvInject\hde\hde64.cpp">
      <Filter>hde</Filter>
    </ClCompile>
  </ItemGroup>
  <ItemGroup>
    <ClInclude Include="CommIO.h">
      <Filter>CommIO</Filter>
    </ClInclude>
    <ClInclude Include="InstrCallBack.h">
      <Filter>CallBackInject</Filter>
    </ClInclude>
    <ClInclude Include="Logger.h">
      <Filter>Logger</Filter>
    </ClInclude>
    <ClInclude Include="ShellCode.h">
      <Filter>ShellCode</Filter>
    </ClInclude>
    <ClInclude Include="HideMemory.h">
      <Filter>HideMem</Filter>
    </ClInclude>
    <ClInclude Include="..\..\..\..\驱动\源码\DrvInject\DrvInject\DrvInject\hde\hde64.h">
      <Filter>hde</Filter>
    </ClInclude>
    <ClInclude Include="..\..\..\..\驱动\源码\DrvInject\DrvInject\DrvInject\hde\headers.hpp">
      <Filter>hde</Filter>
    </ClInclude>
    <ClInclude Include="..\..\..\..\驱动\源码\DrvInject\DrvInject\DrvInject\hde\pstdint.h">
      <Filter>hde</Filter>
    </ClInclude>
    <ClInclude Include="..\..\..\..\驱动\源码\DrvInject\DrvInject\DrvInject\hde\table64.h">
      <Filter>hde</Filter>
    </ClInclude>
  </ItemGroup>
</Project>