<?xml version="1.0" encoding="utf-8"?>
<Project ToolsVersion="4.0" xmlns="http://schemas.microsoft.com/developer/msbuild/2003">
  <ItemGroup>
    <Filter Include="Source Files">
      <UniqueIdentifier>{4FC737F1-C7A5-4376-A066-2A32D752A2FF}</UniqueIdentifier>
      <Extensions>cpp;c;cc;cxx;def;odl;idl;hpj;bat;asm;asmx</Extensions>
    </Filter>
    <Filter Include="Header Files">
      <UniqueIdentifier>{93995380-89BD-4b04-88EB-625FBE52EBFB}</UniqueIdentifier>
      <Extensions>h;hpp;hxx;hm;inl;inc;xsd</Extensions>
    </Filter>
    <Filter Include="Resource Files">
      <UniqueIdentifier>{67DA6AB6-F800-4c08-8B7A-83BB121AAD01}</UniqueIdentifier>
      <Extensions>rc;ico;cur;bmp;dlg;rc2;rct;bin;rgs;gif;jpg;jpeg;jpe;resx;tiff;tif;png;wav;mfcribbon-ms</Extensions>
    </Filter>
    <Filter Include="Driver Files">
      <UniqueIdentifier>{8E41214B-6785-4CFE-B992-037D68949A14}</UniqueIdentifier>
      <Extensions>inf;inv;inx;mof;mc;</Extensions>
    </Filter>
    <Filter Include="ia32">
      <UniqueIdentifier>{e09a4d89-37d7-4a45-8568-6988f73545a3}</UniqueIdentifier>
    </Filter>
  </ItemGroup>
  <ItemGroup>
    <ClCompile Include="main.cpp">
      <Filter>Source Files</Filter>
    </ClCompile>
    <ClCompile Include="..\..\..\..\驱动\02.课件资料与源码\第2章-系统调用（过检测驱动注入器方案一）\源码\DrvInject\DrvInject\HackInject\CProcessList.cpp">
      <Filter>Source Files</Filter>
    </ClCompile>
    <ClCompile Include="..\..\..\..\驱动\02.课件资料与源码\第2章-系统调用（过检测驱动注入器方案一）\源码\DrvInject\DrvInject\HackInject\HackInject.cpp">
      <Filter>Source Files</Filter>
    </ClCompile>
    <ClCompile Include="..\..\..\..\驱动\02.课件资料与源码\第2章-系统调用（过检测驱动注入器方案一）\源码\DrvInject\DrvInject\HackInject\HackInjectDlg.cpp">
      <Filter>Source Files</Filter>
    </ClCompile>
    <ClCompile Include="..\..\..\..\驱动\02.课件资料与源码\第2章-系统调用（过检测驱动注入器方案一）\源码\DrvInject\DrvInject\HackInject\pch.cpp">
      <Filter>Source Files</Filter>
    </ClCompile>
  </ItemGroup>
  <ItemGroup>
    <ClInclude Include="..\..\..\驱动\02.课件资料与源码\第1章-保护模式与多级页表（过PGHook）\源码\ia32\ia32.h">
      <Filter>ia32</Filter>
    </ClInclude>
    <ClInclude Include="..\..\..\驱动\02.课件资料与源码\第1章-保护模式与多级页表（过PGHook）\源码\ia32\ia32.hpp">
      <Filter>ia32</Filter>
    </ClInclude>
    <ClInclude Include="..\..\..\驱动\02.课件资料与源码\第1章-保护模式与多级页表（过PGHook）\源码\ia32\ia32_compact.h">
      <Filter>ia32</Filter>
    </ClInclude>
    <ClInclude Include="..\..\..\驱动\02.课件资料与源码\第1章-保护模式与多级页表（过PGHook）\源码\ia32\ia32_defines_only.h">
      <Filter>ia32</Filter>
    </ClInclude>
    <ClInclude Include="struct.h">
      <Filter>Source Files</Filter>
    </ClInclude>
    <ClInclude Include="..\..\..\..\驱动\02.课件资料与源码\第2章-系统调用（过检测驱动注入器方案一）\源码\DrvInject\DrvInject\HackInject\CProcessList.h">
      <Filter>Header Files</Filter>
    </ClInclude>
    <ClInclude Include="..\..\..\..\驱动\02.课件资料与源码\第2章-系统调用（过检测驱动注入器方案一）\源码\DrvInject\DrvInject\HackInject\framework.h">
      <Filter>Header Files</Filter>
    </ClInclude>
    <ClInclude Include="..\..\..\..\驱动\02.课件资料与源码\第2章-系统调用（过检测驱动注入器方案一）\源码\DrvInject\DrvInject\HackInject\HackInject.h">
      <Filter>Header Files</Filter>
    </ClInclude>
    <ClInclude Include="..\..\..\..\驱动\02.课件资料与源码\第2章-系统调用（过检测驱动注入器方案一）\源码\DrvInject\DrvInject\HackInject\HackInjectDlg.h">
      <Filter>Header Files</Filter>
    </ClInclude>
    <ClInclude Include="..\..\..\..\驱动\02.课件资料与源码\第2章-系统调用（过检测驱动注入器方案一）\源码\DrvInject\DrvInject\HackInject\pch.h">
      <Filter>Header Files</Filter>
    </ClInclude>
    <ClInclude Include="..\..\..\..\驱动\02.课件资料与源码\第2章-系统调用（过检测驱动注入器方案一）\源码\DrvInject\DrvInject\HackInject\resource.h">
      <Filter>Header Files</Filter>
    </ClInclude>
    <ClInclude Include="..\..\..\..\驱动\02.课件资料与源码\第2章-系统调用（过检测驱动注入器方案一）\源码\DrvInject\DrvInject\HackInject\targetver.h">
      <Filter>Header Files</Filter>
    </ClInclude>
  </ItemGroup>
  <ItemGroup>
    <ResourceCompile Include="..\..\..\..\驱动\02.课件资料与源码\第2章-系统调用（过检测驱动注入器方案一）\源码\DrvInject\DrvInject\HackInject\HackInject.rc">
      <Filter>Resource Files</Filter>
    </ResourceCompile>
  </ItemGroup>
  <ItemGroup>
    <None Include="..\..\..\..\驱动\02.课件资料与源码\第2章-系统调用（过检测驱动注入器方案一）\源码\DrvInject\DrvInject\HackInject\res\HackInject.rc2">
      <Filter>Resource Files</Filter>
    </None>
  </ItemGroup>
</Project>